
Microsoft Visual Studio Solution File, Format Version 12.00
# Visual Studio 15
VisualStudioVersion = 15.0.27703.2047
MinimumVisualStudioVersion = 10.0.40219.1
Project("{9A19103F-16F7-4668-BE54-9A1E7A4F7556}") = "BangNews.Api", "BangNews.Api\BangNews.Api.csproj", "{7D62ED37-FA43-48F6-8CA8-66FB043BF08A}"
EndProject
Global
	GlobalSection(SolutionConfigurationPlatforms) = preSolution
		Debug|Any CPU = Debug|Any CPU
		Release|Any CPU = Release|Any CPU
	EndGlobalSection
	GlobalSection(ProjectConfigurationPlatforms) = postSolution
		{7D62ED37-FA43-48F6-8CA8-66FB043BF08A}.Debug|Any CPU.ActiveCfg = Debug|Any CPU
		{7D62ED37-FA43-48F6-8CA8-66FB043BF08A}.Debug|Any CPU.Build.0 = Debug|Any CPU
		{7D62ED37-FA43-48F6-8CA8-66FB043BF08A}.Release|Any CPU.ActiveCfg = Release|Any CPU
		{7D62ED37-FA43-48F6-8CA8-66FB043BF08A}.Release|Any CPU.Build.0 = Release|Any CPU
	EndGlobalSection
	GlobalSection(SolutionProperties) = preSolution
		HideSolutionNode = FALSE
	EndGlobalSection
	GlobalSection(ExtensibilityGlobals) = postSolution
		SolutionGuid = {713BE61C-C1CC-4BD2-A5B6-045AD7EE5F4C}
	EndGlobalSection
EndGlobal
